
Microsoft Visual Studio Solution File, Format Version 12.00
# Visual Studio Version 16
VisualStudioVersion = 16.0.30907.101
MinimumVisualStudioVersion = 10.0.40219.1
Project("{FAE04EC0-301F-11D3-BF4B-00C04F79EFBC}") = "FamilyLifePlan", "FamilyLifePlan.csproj", "{8F54295F-68F2-4543-94A7-81D85ABF9DAC}"
EndProject
Global
	GlobalSection(SolutionConfigurationPlatforms) = preSolution
		Debug|Any CPU = Debug|Any CPU
		Release|Any CPU = Release|Any CPU
	EndGlobalSection
	GlobalSection(ProjectConfigurationPlatforms) = postSolution
		{8F54295F-68F2-4543-94A7-81D85ABF9DAC}.Debug|Any CPU.ActiveCfg = Debug|Any CPU
		{8F54295F-68F2-4543-94A7-81D85ABF9DAC}.Debug|Any CPU.Build.0 = Debug|Any CPU
		{8F54295F-68F2-4543-94A7-81D85ABF9DAC}.Release|Any CPU.ActiveCfg = Release|Any CPU
		{8F54295F-68F2-4543-94A7-81D85ABF9DAC}.Release|Any CPU.Build.0 = Release|Any CPU
	EndGlobalSection
	GlobalSection(SolutionProperties) = preSolution
		HideSolutionNode = FALSE
	EndGlobalSection
	GlobalSection(ExtensibilityGlobals) = postSolution
		SolutionGuid = {FE633E19-2CED-4B4B-8AFD-524C766311EA}
	EndGlobalSection
EndGlobal
